// !$*UTF8*$!
{
	archiveVersion = 1;
	classes = {
	};
	objectVersion = 46;
	objects = {

/* Begin PBXBuildFile section */
		AEED1C3C1C2AB46F0068A986 /* AppDelegate.swift in Sources */ = {isa = PBXBuildFile; fileRef = AEED1C3B1C2AB46F0068A986 /* AppDelegate.swift */; };
		AEED1C3E1C2AB46F0068A986 /* ViewController.swift in Sources */ = {isa = PBXBuildFile; fileRef = AEED1C3D1C2AB46F0068A986 /* ViewController.swift */; };
		AEED1C411C2AB46F0068A986 /* Main.storyboard in Resources */ = {isa = PBXBuildFile; fileRef = AEED1C3F1C2AB46F0068A986 /* Main.storyboard */; };
		AEED1C431C2AB46F0068A986 /* Assets.xcassets in Resources */ = {isa = PBXBuildFile; fileRef = AEED1C421C2AB46F0068A986 /* Assets.xcassets */; };
		AEED1C461C2AB46F0068A986 /* LaunchScreen.storyboard in Resources */ = {isa = PBXBuildFile; fileRef = AEED1C441C2AB46F0068A986 /* LaunchScreen.storyboard */; };
/* End PBXBuildFile section */

/* Begin PBXFileReference section */
		AEED1C381C2AB46F0068A986 /* SuperCool.app */ = {isa = PBXFileReference; explicitFileType = wrapper.application; includeInIndex = 0; path = SuperCool.app; sourceTree = BUILT_PRODUCTS_DIR; };
		AEED1C3B1C2AB46F0068A986 /* AppDelegate.swift */ = {isa = PBXFileReference; lastKnownFileType = sourcecode.swift; path = AppDelegate.swift; sourceTree = "<group>"; };
		AEED1C3D1C2AB46F0068A986 /* ViewController.swift */ = {isa = PBXFileReference; lastKnownFileType = sourcecode.swift; path = ViewController.swift; sourceTree = "<group>"; };
		AEED1C401C2AB46F0068A986 /* Base */ = {isa = PBXFileReference; lastKnownFileType = file.storyboard; name = Base; path = Base.lproj/Main.storyboard; sourceTree = "<group>"; };
		AEED1C421C2AB46F0068A986 /* Assets.xcassets */ = {isa = PBXFileReference; lastKnownFileType = folder.assetcatalog; path = Assets.xcassets; sourceTree = "<group>"; };
		AEED1C451C2AB46F0068A986 /* Base */ = {isa = PBXFileReference; lastKnownFileType = file.storyboard; name = Base; path = Base.lproj/LaunchScreen.storyboard; sourceTree = "<group>"; };
		AEED1C471C2AB46F0068A986 /* Info.plist */ = {isa = PBXFileReference; lastKnownFileType = text.plist.xml; path = Info.plist; sourceTree = "<group>"; };
/* End PBXFileReference section */

/* Begin PBXFrameworksBuildPhase section */
		AEED1C351C2AB46F0068A986 /* Frameworks */ = {
			isa = PBXFrameworksBuildPhase;
			buildActionMask = 2147483647;
			files = (
			);
			runOnlyForDeploymentPostprocessing = 0;
		};
/* End PBXFrameworksBuildPhase section */

/* Begin PBXGroup section */
		AEED1C2F1C2AB46F0068A986 = {
			isa = PBXGroup;
			children = (
				AEED1C3A1C2AB46F0068A986 /* SuperCool */,
				AEED1C391C2AB46F0068A986 /* Products */,
			);
			sourceTree = "<group>";
		};
		AEED1C391C2AB46F0068A986 /* Products */ = {
			isa = PBXGroup;
			children = (
				AEED1C381C2AB46F0068A986 /* SuperCool.app */,
			);
			name = Products;
			sourceTree = "<group>";
		};
		AEED1C3A1C2AB46F0068A986 /* SuperCool */ = {
			isa = PBXGroup;
			children = (
				AEED1C3B1C2AB46F0068A986 /* AppDelegate.swift */,
				AEED1C3D1C2AB46F0068A986 /* ViewController.swift */,
				AEED1C3F1C2AB46F0068A986 /* Main.storyboard */,
				AEED1C421C2AB46F0068A986 /* Assets.xcassets */,
				AEED1C441C2AB46F0068A986 /* LaunchScreen.storyboard */,
				AEED1C471C2AB46F0068A986 /* Info.plist */,
			);
			path = SuperCool;
			sourceTree = "<group>";
		};
/* End PBXGroup section */

/* Begin PBXNativeTarget section */
		AEED1C371C2AB46F0068A986 /* SuperCool */ = {
			isa = PBXNativeTarget;
			buildConfigurationList = AEED1C4A1C2AB46F0068A986 /* Build configuration list for PBXNativeTarget "SuperCool" */;
			buildPhases = (
				AEED1C341C2AB46F0068A986 /* Sources */,
				AEED1C351C2AB46F0068A986 /* Frameworks */,
				AEED1C361C2AB46F0068A986 /* Resources */,
			);
			buildRules = (
			);
			dependencies = (
			);
			name = SuperCool;
			productName = SuperCool;
			productReference = AEED1C381C2AB46F0068A986 /* SuperCool.app */;
			productType = "com.apple.product-type.application";
		};
/* End PBXNativeTarget section */

/* Begin PBXProject section */
		AEED1C301C2AB46F0068A986 /* Project object */ = {
			isa = PBXProject;
			attributes = {
				LastSwiftUpdateCheck = 0720;
				LastUpgradeCheck = 0720;
				ORGANIZATIONNAME = pinej;
				TargetAttributes = {
					AEED1C371C2AB46F0068A986 = {
						CreatedOnToolsVersion = 7.2;
						DevelopmentTeam = TH33V5EXTB;
					};
				};
			};
			buildConfigurationList = AEED1C331C2AB46F0068A986 /* Build configuration list for PBXProject "SuperCool" */;
			compatibilityVersion = "Xcode 3.2";
			developmentRegion = English;
			hasScannedForEncodings = 0;
			knownRegions = (
				en,
				Base,
			);
			mainGroup = AEED1C2F1C2AB46F0068A986;
			productRefGroup = AEED1C391C2AB46F0068A986 /* Products */;
			projectDirPath = "";
			projectRoot = "";
			targets = (
				AEED1C371C2AB46F0068A986 /* SuperCool */,
			);
		};
/* End PBXProject section */

/* Begin PBXResourcesBuildPhase section */
		AEED1C361C2AB46F0068A986 /* Resources */ = {
			isa = PBXResourcesBuildPhase;
			buildActionMask = 2147483647;
			files = (
				AEED1C461C2AB46F0068A986 /* LaunchScreen.storyboard in Resources */,
				AEED1C431C2AB46F0068A986 /* Assets.xcassets in Resources */,
				AEED1C411C2AB46F0068A986 /* Main.storyboard in Resources */,
			);
			runOnlyForDeploymentPostprocessing = 0;
		};
/* End PBXResourcesBuildPhase section */

/* Begin PBXSourcesBuildPhase section */
		AEED1C341C2AB46F0068A986 /* Sources */ = {
			isa = PBXSourcesBuildPhase;
			buildActionMask = 2147483647;
			files = (
				AEED1C3E1C2AB46F0068A986 /* ViewController.swift in Sources */,
				AEED1C3C1C2AB46F0068A986 /* AppDelegate.swift in Sources */,
			);
			runOnlyForDeploymentPostprocessing = 0;
		};
/* End PBXSourcesBuildPhase section */

/* Begin PBXVariantGroup section */
		AEED1C3F1C2AB46F0068A986 /* Main.storyboard */ = {
			isa = PBXVariantGroup;
			children = (
				AEED1C401C2AB46F0068A986 /* Base */,
			);
			name = Main.storyboard;
			sourceTree = "<group>";
		};
		AEED1C441C2AB46F0068A986 /* LaunchScreen.storyboard */ = {
			isa = PBXVariantGroup;
			children = (
				AEED1C451C2AB46F0068A986 /* Base */,
			);
			name = LaunchScreen.storyboard;
			sourceTree = "<group>";
		};
/* End PBXVariantGroup section */

/* Begin XCBuildConfiguration section */
		AEED1C481C2AB46F0068A986 /* Debug */ = {
			isa = XCBuildConfiguration;
			buildSettings = {
				ALWAYS_SEARCH_USER_PATHS = NO;
				CLANG_CXX_LANGUAGE_STANDARD = "gnu++0x";
				CLANG_CXX_LIBRARY = "libc++";
				CLANG_ENABLE_MODULES = YES;
				CLANG_ENABLE_OBJC_ARC = YES;
				CLANG_WARN_BOOL_CONVERSION = YES;
				CLANG_WARN_CONSTANT_CONVERSION = YES;
				CLANG_WARN_DIRECT_OBJC_ISA_USAGE = YES_ERROR;
				CLANG_WARN_EMPTY_BODY = YES;
				CLANG_WARN_ENUM_CONVERSION = YES;
				CLANG_WARN_INT_CONVERSION = YES;
				CLANG_WARN_OBJC_ROOT_CLASS = YES_ERROR;
				CLANG_WARN_UNREACHABLE_CODE = YES;
				CLANG_WARN__DUPLICATE_METHOD_MATCH = YES;
				"CODE_SIGN_IDENTITY[sdk=iphoneos*]" = "iPhone Developer";
				COPY_PHASE_STRIP = NO;
				DEBUG_INFORMATION_FORMAT = dwarf;
				ENABLE_STRICT_OBJC_MSGSEND = YES;
				ENABLE_TESTABILITY = YES;
				GCC_C_LANGUAGE_STANDARD = gnu99;
				GCC_DYNAMIC_NO_PIC = NO;
				GCC_NO_COMMON_BLOCKS = YES;
				GCC_OPTIMIZATION_LEVEL = 0;
				GCC_PREPROCESSOR_DEFINITIONS = (
					"DEBUG=1",
					"$(inherited)",
				);
				GCC_WARN_64_TO_32_BIT_CONVERSION = YES;
				GCC_WARN_ABOUT_RETURN_TYPE = YES_ERROR;
				GCC_WARN_UNDECLARED_SELECTOR = YES;
				GCC_WARN_UNINITIALIZED_AUTOS = YES_AGGRESSIVE;
				GCC_WARN_UNUSED_FUNCTION = YES;
				GCC_WARN_UNUSED_VARIABLE = YES;
				IPHONEOS_DEPLOYMENT_TARGET = 9.2;
				MTL_ENABLE_DEBUG_INFO = YES;
				ONLY_ACTIVE_ARCH = YES;
				SDKROOT = iphoneos;
				SWIFT_OPTIMIZATION_LEVEL = "-Onone";
			};
			name = Debug;
		};
		AEED1C491C2AB46F0068A986 /* Release */ = {
			isa = XCBuildConfiguration;
			buildSettings = {
				ALWAYS_SEARCH_USER_PATHS = NO;
				CLANG_CXX_LANGUAGE_STANDARD = "gnu++0x";
				CLANG_CXX_LIBRARY = "libc++";
				CLANG_ENABLE_MODULES = YES;
				CLANG_ENABLE_OBJC_ARC = YES;
				CLANG_WARN_BOOL_CONVERSION = YES;
				CLANG_WARN_CONSTANT_CONVERSION = YES;
				CLANG_WARN_DIRECT_OBJC_ISA_USAGE = YES_ERROR;
				CLANG_WARN_EMPTY_BODY = YES;
				CLANG_WARN_ENUM_CONVERSION = YES;
				CLANG_WARN_INT_CONVERSION = YES;
				CLANG_WARN_OBJC_ROOT_CLASS = YES_ERROR;
				CLANG_WARN_UNREACHABLE_CODE = YES;
				CLANG_WARN__DUPLICATE_METHOD_MATCH = YES;
				"CODE_SIGN_IDENTITY[sdk=iphoneos*]" = "iPhone Developer";
				COPY_PHASE_STRIP = NO;
				DEBUG_INFORMATION_FORMAT = "dwarf-with-dsym";
				ENABLE_NS_ASSERTIONS = NO;
				ENABLE_STRICT_OBJC_MSGSEND = YES;
				GCC_C_LANGUAGE_STANDARD = gnu99;
				GCC_NO_COMMON_BLOCKS = YES;
				GCC_WARN_64_TO_32_BIT_CONVERSION = YES;
				GCC_WARN_ABOUT_RETURN_TYPE = YES_ERROR;
				GCC_WARN_UNDECLARED_SELECTOR = YES;
				GCC_WARN_UNINITIALIZED_AUTOS = YES_AGGRESSIVE;
				GCC_WARN_UNUSED_FUNCTION = YES;
				GCC_WARN_UNUSED_VARIABLE = YES;
				IPHONEOS_DEPLOYMENT_TARGET = 9.2;
				MTL_ENABLE_DEBUG_INFO = NO;
				SDKROOT = iphoneos;
				VALIDATE_PRODUCT = YES;
			};
			name = Release;
		};
		AEED1C4B1C2AB46F0068A986 /* Debug */ = {
			isa = XCBuildConfiguration;
			buildSettings = {
				ASSETCATALOG_COMPILER_APPICON_NAME = AppIcon;
				INFOPLIST_FILE = SuperCool/Info.plist;
				LD_RUNPATH_SEARCH_PATHS = "$(inherited) @executable_path/Frameworks";
				PRODUCT_BUNDLE_IDENTIFIER = com.pinej.SuperCool;
				PRODUCT_NAME = "$(TARGET_NAME)";
			};
			name = Debug;
		};
		AEED1C4C1C2AB46F0068A986 /* Release */ = {
			isa = XCBuildConfiguration;
			buildSettings = {
				ASSETCATALOG_COMPILER_APPICON_NAME = AppIcon;
				INFOPLIST_FILE = SuperCool/Info.plist;
				LD_RUNPATH_SEARCH_PATHS = "$(inherited) @executable_path/Frameworks";
				PRODUCT_BUNDLE_IDENTIFIER = com.pinej.SuperCool;
				PRODUCT_NAME = "$(TARGET_NAME)";
			};
			name = Release;
		};
/* End XCBuildConfiguration section */

/* Begin XCConfigurationList section */
		AEED1C331C2AB46F0068A986 /* Build configuration list for PBXProject "SuperCool" */ = {
			isa = XCConfigurationList;
			buildConfigurations = (
				AEED1C481C2AB46F0068A986 /* Debug */,
				AEED1C491C2AB46F0068A986 /* Release */,
			);
			defaultConfigurationIsVisible = 0;
			defaultConfigurationName = Release;
		};
		AEED1C4A1C2AB46F0068A986 /* Build configuration list for PBXNativeTarget "SuperCool" */ = {
			isa = XCConfigurationList;
			buildConfigurations = (
				AEED1C4B1C2AB46F0068A986 /* Debug */,
				AEED1C4C1C2AB46F0068A986 /* Release */,
			);
			defaultConfigurationIsVisible = 0;
		};
/* End XCConfigurationList section */
	};
	rootObject = AEED1C301C2AB46F0068A986 /* Project object */;
}
